
Microsoft Visual Studio Solution File, Format Version 12.00
# Visual Studio Version 17
VisualStudioVersion = 17.14.36401.2 d17.14
MinimumVisualStudioVersion = 10.0.40219.1
Project("{FAE04EC0-301F-11D3-BF4B-00C04F79EFBC}") = "WinFormsApp1", "WinFormsApp1.csproj", "{294E7858-EA4C-49D5-A1FC-68C702D024CD}"
EndProject
Global
	GlobalSection(SolutionConfigurationPlatforms) = preSolution
		Debug|Any CPU = Debug|Any CPU
		Release|Any CPU = Release|Any CPU
	EndGlobalSection
	GlobalSection(ProjectConfigurationPlatforms) = postSolution
		{294E7858-EA4C-49D5-A1FC-68C702D024CD}.Debug|Any CPU.ActiveCfg = Debug|Any CPU
		{294E7858-EA4C-49D5-A1FC-68C702D024CD}.Debug|Any CPU.Build.0 = Debug|Any CPU
		{294E7858-EA4C-49D5-A1FC-68C702D024CD}.Release|Any CPU.ActiveCfg = Release|Any CPU
		{294E7858-EA4C-49D5-A1FC-68C702D024CD}.Release|Any CPU.Build.0 = Release|Any CPU
	EndGlobalSection
	GlobalSection(SolutionProperties) = preSolution
		HideSolutionNode = FALSE
	EndGlobalSection
	GlobalSection(ExtensibilityGlobals) = postSolution
		SolutionGuid = {1B2DBBAC-805C-4473-8360-2A2610589D9E}
	EndGlobalSection
EndGlobal
